
Microsoft Visual Studio Solution File, Format Version 12.00
# Visual Studio Version 17
VisualStudioVersion = 17.8.34601.278
MinimumVisualStudioVersion = 10.0.40219.1
Project("{FAE04EC0-301F-11D3-BF4B-00C04F79EFBC}") = "UserRegistrationService", "UserRegistrationService\UserRegistrationService.csproj", "{C9948AAC-D740-4D93-9B8A-906EA5A87C10}"
EndProject
Project("{FAE04EC0-301F-11D3-BF4B-00C04F79EFBC}") = "UserRegistrationService.Tests", "UserRegistrationService.Tests\UserRegistrationService.Tests.csproj", "{2BC7D2B4-0579-4088-BFF6-2730F6DDEF80}"
EndProject
Global
	GlobalSection(SolutionConfigurationPlatforms) = preSolution
		Debug|Any CPU = Debug|Any CPU
		Release|Any CPU = Release|Any CPU
	EndGlobalSection
	GlobalSection(ProjectConfigurationPlatforms) = postSolution
		{C9948AAC-D740-4D93-9B8A-906EA5A87C10}.Debug|Any CPU.ActiveCfg = Debug|Any CPU
		{C9948AAC-D740-4D93-9B8A-906EA5A87C10}.Debug|Any CPU.Build.0 = Debug|Any CPU
		{C9948AAC-D740-4D93-9B8A-906EA5A87C10}.Release|Any CPU.ActiveCfg = Release|Any CPU
		{C9948AAC-D740-4D93-9B8A-906EA5A87C10}.Release|Any CPU.Build.0 = Release|Any CPU
		{2BC7D2B4-0579-4088-BFF6-2730F6DDEF80}.Debug|Any CPU.ActiveCfg = Debug|Any CPU
		{2BC7D2B4-0579-4088-BFF6-2730F6DDEF80}.Debug|Any CPU.Build.0 = Debug|Any CPU
		{2BC7D2B4-0579-4088-BFF6-2730F6DDEF80}.Release|Any CPU.ActiveCfg = Release|Any CPU
		{2BC7D2B4-0579-4088-BFF6-2730F6DDEF80}.Release|Any CPU.Build.0 = Release|Any CPU
	EndGlobalSection
	GlobalSection(SolutionProperties) = preSolution
		HideSolutionNode = FALSE
	EndGlobalSection
	GlobalSection(ExtensibilityGlobals) = postSolution
		SolutionGuid = {C74DFB8A-618F-48F3-A77C-5F32D2F838F1}
	EndGlobalSection
EndGlobal
